{
  "version": 4,
  "terraform_version": "1.12.2",
  "serial": 44,
  "lineage": "36538141-bda6-9d28-e9b8-5b4dc7116e83",
  "outputs": {},
  "resources": [
    {
      "module": "module.nic",
      "mode": "managed",
      "type": "azurerm_network_interface",
      "name": "infranic",
      "provider": "provider[\"registry.terraform.io/hashicorp/azurerm\"]",
      "instances": [
        {
          "index_key": "nic1",
          "schema_version": 0,
          "attributes": {
            "accelerated_networking_enabled": false,
            "applied_dns_servers": [],
            "auxiliary_mode": "",
            "auxiliary_sku": "",
            "dns_servers": [],
            "edge_zone": "",
            "id": "/subscriptions/12070104-5366-47e7-ae69-d5a2bd98c79e/resourceGroups/mupr12-rg-infra/providers/Microsoft.Network/networkInterfaces/mupr-nic-1",
            "internal_dns_name_label": "",
            "internal_domain_name_suffix": "",
            "ip_configuration": [
              {
                "gateway_load_balancer_frontend_ip_configuration_id": "",
                "name": "testconfiguration1",
                "primary": true,
                "private_ip_address": "10.0.1.4",
                "private_ip_address_allocation": "Dynamic",
                "private_ip_address_version": "IPv4",
                "public_ip_address_id": "",
                "subnet_id": "/subscriptions/12070104-5366-47e7-ae69-d5a2bd98c79e/resourceGroups/mupr12-rg-infra/providers/Microsoft.Network/virtualNetworks/mupr-vnet/subnets/frontend-subnet"
              }
            ],
            "ip_forwarding_enabled": false,
            "location": "centralindia",
            "mac_address": "7C-1E-52-0F-75-19",
            "name": "mupr-nic-1",
            "private_ip_address": "10.0.1.4",
            "private_ip_addresses": [
              "10.0.1.4"
            ],
            "resource_group_name": "mupr12-rg-infra",
            "tags": {},
            "timeouts": null,
            "virtual_machine_id": "/subscriptions/12070104-5366-47e7-ae69-d5a2bd98c79e/resourceGroups/mupr12-rg-infra/providers/Microsoft.Compute/virtualMachines/mupr-vm-frontend"
          },
          "sensitive_attributes": [],
          "identity_schema_version": 0,
          "identity": {
            "name": "mupr-nic-1",
            "resource_group_name": "mupr12-rg-infra",
            "subscription_id": "12070104-5366-47e7-ae69-d5a2bd98c79e"
          },
          "private": "eyJlMmJmYjczMC1lY2FhLTExZTYtOGY4OC0zNDM2M2JjN2M0YzAiOnsiY3JlYXRlIjoxODAwMDAwMDAwMDAwLCJkZWxldGUiOjE4MDAwMDAwMDAwMDAsInJlYWQiOjMwMDAwMDAwMDAwMCwidXBkYXRlIjoxODAwMDAwMDAwMDAwfX0=",
          "dependencies": [
            "module.rg.azurerm_resource_group.infragroup",
            "module.vet.azurerm_virtual_network.infranet"
          ]
        },
        {
          "index_key": "nic2",
          "schema_version": 0,
          "attributes": {
            "accelerated_networking_enabled": false,
            "applied_dns_servers": [],
            "auxiliary_mode": "",
            "auxiliary_sku": "",
            "dns_servers": [],
            "edge_zone": "",
            "id": "/subscriptions/12070104-5366-47e7-ae69-d5a2bd98c79e/resourceGroups/mupr12-rg-infra/providers/Microsoft.Network/networkInterfaces/mupr-nic-backend",
            "internal_dns_name_label": "",
            "internal_domain_name_suffix": "pkauryqe0kkeffs1jltgdd2zfc.rx.internal.cloudapp.net",
            "ip_configuration": [
              {
                "gateway_load_balancer_frontend_ip_configuration_id": "",
                "name": "testconfiguration1",
                "primary": true,
                "private_ip_address": "10.0.2.4",
                "private_ip_address_allocation": "Dynamic",
                "private_ip_address_version": "IPv4",
                "public_ip_address_id": "",
                "subnet_id": "/subscriptions/12070104-5366-47e7-ae69-d5a2bd98c79e/resourceGroups/mupr12-rg-infra/providers/Microsoft.Network/virtualNetworks/mupr-vnet/subnets/backend-subnet"
              }
            ],
            "ip_forwarding_enabled": false,
            "location": "centralindia",
            "mac_address": "7C-ED-8D-27-06-9A",
            "name": "mupr-nic-backend",
            "private_ip_address": "10.0.2.4",
            "private_ip_addresses": [
              "10.0.2.4"
            ],
            "resource_group_name": "mupr12-rg-infra",
            "tags": {},
            "timeouts": null,
            "virtual_machine_id": "/subscriptions/12070104-5366-47e7-ae69-d5a2bd98c79e/resourceGroups/mupr12-rg-infra/providers/Microsoft.Compute/virtualMachines/mupr-vm-backend"
          },
          "sensitive_attributes": [],
          "identity_schema_version": 0,
          "identity": {
            "name": "mupr-nic-backend",
            "resource_group_name": "mupr12-rg-infra",
            "subscription_id": "12070104-5366-47e7-ae69-d5a2bd98c79e"
          },
          "private": "eyJlMmJmYjczMC1lY2FhLTExZTYtOGY4OC0zNDM2M2JjN2M0YzAiOnsiY3JlYXRlIjoxODAwMDAwMDAwMDAwLCJkZWxldGUiOjE4MDAwMDAwMDAwMDAsInJlYWQiOjMwMDAwMDAwMDAwMCwidXBkYXRlIjoxODAwMDAwMDAwMDAwfX0=",
          "dependencies": [
            "module.rg.azurerm_resource_group.infragroup",
            "module.vet.azurerm_virtual_network.infranet"
          ]
        }
      ]
    },
    {
      "module": "module.rg",
      "mode": "managed",
      "type": "azurerm_resource_group",
      "name": "infragroup",
      "provider": "provider[\"registry.terraform.io/hashicorp/azurerm\"]",
      "instances": [
        {
          "index_key": "rg",
          "schema_version": 0,
          "attributes": {
            "id": "/subscriptions/12070104-5366-47e7-ae69-d5a2bd98c79e/resourceGroups/mupr12-rg-infra",
            "location": "centralindia",
            "managed_by": "",
            "name": "mupr12-rg-infra",
            "tags": {},
            "timeouts": null
          },
          "sensitive_attributes": [],
          "identity_schema_version": 0,
          "private": "eyJlMmJmYjczMC1lY2FhLTExZTYtOGY4OC0zNDM2M2JjN2M0YzAiOnsiY3JlYXRlIjo1NDAwMDAwMDAwMDAwLCJkZWxldGUiOjU0MDAwMDAwMDAwMDAsInJlYWQiOjMwMDAwMDAwMDAwMCwidXBkYXRlIjo1NDAwMDAwMDAwMDAwfX0="
        }
      ]
    },
    {
      "module": "module.vet",
      "mode": "managed",
      "type": "azurerm_virtual_network",
      "name": "infranet",
      "provider": "provider[\"registry.terraform.io/hashicorp/azurerm\"]",
      "instances": [
        {
          "index_key": "vnet",
          "schema_version": 0,
          "attributes": {
            "address_space": [
              "10.0.0.0/16"
            ],
            "bgp_community": "",
            "ddos_protection_plan": [],
            "dns_servers": [
              "10.0.0.4",
              "10.0.0.5"
            ],
            "edge_zone": "",
            "encryption": [],
            "flow_timeout_in_minutes": 0,
            "guid": "e248817a-d204-4294-965b-4ae6618f992a",
            "id": "/subscriptions/12070104-5366-47e7-ae69-d5a2bd98c79e/resourceGroups/mupr12-rg-infra/providers/Microsoft.Network/virtualNetworks/mupr-vnet",
            "ip_address_pool": [],
            "location": "centralindia",
            "name": "mupr-vnet",
            "private_endpoint_vnet_policies": "Disabled",
            "resource_group_name": "mupr12-rg-infra",
            "subnet": [
              {
                "address_prefixes": [
                  "10.0.1.0/24"
                ],
                "default_outbound_access_enabled": true,
                "delegation": [],
                "id": "/subscriptions/12070104-5366-47e7-ae69-d5a2bd98c79e/resourceGroups/mupr12-rg-infra/providers/Microsoft.Network/virtualNetworks/mupr-vnet/subnets/frontend-subnet",
                "name": "frontend-subnet",
                "private_endpoint_network_policies": "Disabled",
                "private_link_service_network_policies_enabled": true,
                "route_table_id": "",
                "security_group": "",
                "service_endpoint_policy_ids": [],
                "service_endpoints": []
              },
              {
                "address_prefixes": [
                  "10.0.2.0/24"
                ],
                "default_outbound_access_enabled": true,
                "delegation": [],
                "id": "/subscriptions/12070104-5366-47e7-ae69-d5a2bd98c79e/resourceGroups/mupr12-rg-infra/providers/Microsoft.Network/virtualNetworks/mupr-vnet/subnets/backend-subnet",
                "name": "backend-subnet",
                "private_endpoint_network_policies": "Disabled",
                "private_link_service_network_policies_enabled": true,
                "route_table_id": "",
                "security_group": "",
                "service_endpoint_policy_ids": [],
                "service_endpoints": []
              }
            ],
            "tags": {},
            "timeouts": null
          },
          "sensitive_attributes": [],
          "identity_schema_version": 0,
          "identity": {
            "name": "mupr-vnet",
            "resource_group_name": "mupr12-rg-infra",
            "subscription_id": "12070104-5366-47e7-ae69-d5a2bd98c79e"
          },
          "private": "eyJlMmJmYjczMC1lY2FhLTExZTYtOGY4OC0zNDM2M2JjN2M0YzAiOnsiY3JlYXRlIjoxODAwMDAwMDAwMDAwLCJkZWxldGUiOjE4MDAwMDAwMDAwMDAsInJlYWQiOjMwMDAwMDAwMDAwMCwidXBkYXRlIjoxODAwMDAwMDAwMDAwfX0=",
          "dependencies": [
            "module.rg.azurerm_resource_group.infragroup"
          ]
        }
      ]
    }
  ],
  "check_results": null
}
